// !$*UTF8*$!
{
	archiveVersion = 1;
	classes = {
	};
	objectVersion = 50;
	objects = {

/* Begin PBXBuildFile section */
		500D2244227710CF00CA1E4D /* AppDelegate.m in Sources */ = {isa = PBXBuildFile; fileRef = 500D2243227710CF00CA1E4D /* AppDelegate.m */; };
		500D2247227710CF00CA1E4D /* ViewController.m in Sources */ = {isa = PBXBuildFile; fileRef = 500D2246227710CF00CA1E4D /* ViewController.m */; };
		500D224C227710D100CA1E4D /* Assets.xcassets in Resources */ = {isa = PBXBuildFile; fileRef = 500D224B227710D100CA1E4D /* Assets.xcassets */; };
		500D224F227710D100CA1E4D /* LaunchScreen.storyboard in Resources */ = {isa = PBXBuildFile; fileRef = 500D224D227710D100CA1E4D /* LaunchScreen.storyboard */; };
		500D2252227710D100CA1E4D /* main.m in Sources */ = {isa = PBXBuildFile; fileRef = 500D2251227710D100CA1E4D /* main.m */; };
		500D225C2278369500CA1E4D /* ACImageMaskCIFilter.m in Sources */ = {isa = PBXBuildFile; fileRef = 500D225B2278369500CA1E4D /* ACImageMaskCIFilter.m */; };
		500D226422785F5200CA1E4D /* star.png in Resources */ = {isa = PBXBuildFile; fileRef = 500D226122785F5200CA1E4D /* star.png */; };
		500D226522785F5200CA1E4D /* shuijiao_clipped.png in Resources */ = {isa = PBXBuildFile; fileRef = 500D226222785F5200CA1E4D /* shuijiao_clipped.png */; };
		500D226622785F5200CA1E4D /* shuijiao.jpg in Resources */ = {isa = PBXBuildFile; fileRef = 500D226322785F5200CA1E4D /* shuijiao.jpg */; };
		502594EA227ED36F00517016 /* testtt.png in Resources */ = {isa = PBXBuildFile; fileRef = 502594E9227ED36F00517016 /* testtt.png */; };
		5025951E228166B100517016 /* ACImageMaskCIFilter.cikernel in Resources */ = {isa = PBXBuildFile; fileRef = 5025951C228166B100517016 /* ACImageMaskCIFilter.cikernel */; };
		5025952322816A1400517016 /* ACImageOpacityCIFilter.m in Sources */ = {isa = PBXBuildFile; fileRef = 5025951F22816A1300517016 /* ACImageOpacityCIFilter.m */; };
		5025952822816A3D00517016 /* ACImageOpacityCIFilter.cikernel in Resources */ = {isa = PBXBuildFile; fileRef = 5025952722816A3D00517016 /* ACImageOpacityCIFilter.cikernel */; };
		5025952F22816B9D00517016 /* ACImageClipCIFilter.m in Sources */ = {isa = PBXBuildFile; fileRef = 5025952E22816B9D00517016 /* ACImageClipCIFilter.m */; };
		5025953122816C4E00517016 /* ACImageClipCIFilter.cikernel in Resources */ = {isa = PBXBuildFile; fileRef = 5025953022816C4E00517016 /* ACImageClipCIFilter.cikernel */; };
		50259538228187B800517016 /* ACImageLuminanceCIDetector.m in Sources */ = {isa = PBXBuildFile; fileRef = 50259537228187B800517016 /* ACImageLuminanceCIDetector.m */; };
		5025953A2281885100517016 /* ACImageLuminanceCIDetector.cikernel in Resources */ = {isa = PBXBuildFile; fileRef = 502595392281885100517016 /* ACImageLuminanceCIDetector.cikernel */; };
		502595552282B40800517016 /* ACImageClipCIFilter.metallib in Resources */ = {isa = PBXBuildFile; fileRef = 502595512282B40500517016 /* ACImageClipCIFilter.metallib */; };
		502595562282B40800517016 /* ACImageLuminanceCIDetector.metallib in Resources */ = {isa = PBXBuildFile; fileRef = 502595522282B40600517016 /* ACImageLuminanceCIDetector.metallib */; };
		502595582282B40800517016 /* ACImageOpacityCIFilter.metallib in Resources */ = {isa = PBXBuildFile; fileRef = 502595542282B40700517016 /* ACImageOpacityCIFilter.metallib */; };
		5025955C228417A400517016 /* ACImageMaskCIFilter.metallib in Resources */ = {isa = PBXBuildFile; fileRef = 5025955B228417A300517016 /* ACImageMaskCIFilter.metallib */; };
/* End PBXBuildFile section */

/* Begin PBXFileReference section */
		500D223F227710CF00CA1E4D /* ACCoreImageFilters.app */ = {isa = PBXFileReference; explicitFileType = wrapper.application; includeInIndex = 0; path = ACCoreImageFilters.app; sourceTree = BUILT_PRODUCTS_DIR; };
		500D2242227710CF00CA1E4D /* AppDelegate.h */ = {isa = PBXFileReference; lastKnownFileType = sourcecode.c.h; path = AppDelegate.h; sourceTree = "<group>"; };
		500D2243227710CF00CA1E4D /* AppDelegate.m */ = {isa = PBXFileReference; lastKnownFileType = sourcecode.c.objc; path = AppDelegate.m; sourceTree = "<group>"; };
		500D2245227710CF00CA1E4D /* ViewController.h */ = {isa = PBXFileReference; lastKnownFileType = sourcecode.c.h; path = ViewController.h; sourceTree = "<group>"; };
		500D2246227710CF00CA1E4D /* ViewController.m */ = {isa = PBXFileReference; lastKnownFileType = sourcecode.c.objc; path = ViewController.m; sourceTree = "<group>"; };
		500D224B227710D100CA1E4D /* Assets.xcassets */ = {isa = PBXFileReference; lastKnownFileType = folder.assetcatalog; path = Assets.xcassets; sourceTree = "<group>"; };
		500D224E227710D100CA1E4D /* Base */ = {isa = PBXFileReference; lastKnownFileType = file.storyboard; name = Base; path = Base.lproj/LaunchScreen.storyboard; sourceTree = "<group>"; };
		500D2250227710D100CA1E4D /* Info.plist */ = {isa = PBXFileReference; lastKnownFileType = text.plist.xml; path = Info.plist; sourceTree = "<group>"; };
		500D2251227710D100CA1E4D /* main.m */ = {isa = PBXFileReference; lastKnownFileType = sourcecode.c.objc; path = main.m; sourceTree = "<group>"; };
		500D225A2278369500CA1E4D /* ACImageMaskCIFilter.h */ = {isa = PBXFileReference; lastKnownFileType = sourcecode.c.h; path = ACImageMaskCIFilter.h; sourceTree = "<group>"; };
		500D225B2278369500CA1E4D /* ACImageMaskCIFilter.m */ = {isa = PBXFileReference; lastKnownFileType = sourcecode.c.objc; path = ACImageMaskCIFilter.m; sourceTree = "<group>"; };
		500D225F2278409B00CA1E4D /* ACImageMaskCIFilter.metal */ = {isa = PBXFileReference; lastKnownFileType = sourcecode.metal; path = ACImageMaskCIFilter.metal; sourceTree = "<group>"; };
		500D226122785F5200CA1E4D /* star.png */ = {isa = PBXFileReference; lastKnownFileType = image.png; path = star.png; sourceTree = "<group>"; };
		500D226222785F5200CA1E4D /* shuijiao_clipped.png */ = {isa = PBXFileReference; lastKnownFileType = image.png; path = shuijiao_clipped.png; sourceTree = "<group>"; };
		500D226322785F5200CA1E4D /* shuijiao.jpg */ = {isa = PBXFileReference; lastKnownFileType = image.jpeg; path = shuijiao.jpg; sourceTree = "<group>"; };
		502594E9227ED36F00517016 /* testtt.png */ = {isa = PBXFileReference; lastKnownFileType = image.png; path = testtt.png; sourceTree = "<group>"; };
		502594EB227EF67A00517016 /* ACImageOpacityCIFilter.h */ = {isa = PBXFileReference; lastKnownFileType = sourcecode.c.h; path = ACImageOpacityCIFilter.h; sourceTree = "<group>"; };
		5025951C228166B100517016 /* ACImageMaskCIFilter.cikernel */ = {isa = PBXFileReference; fileEncoding = 4; lastKnownFileType = text; path = ACImageMaskCIFilter.cikernel; sourceTree = "<group>"; };
		5025951F22816A1300517016 /* ACImageOpacityCIFilter.m */ = {isa = PBXFileReference; fileEncoding = 4; lastKnownFileType = sourcecode.c.objc; path = ACImageOpacityCIFilter.m; sourceTree = "<group>"; };
		5025952122816A1400517016 /* ACImageOpacityCIFilter.metal */ = {isa = PBXFileReference; fileEncoding = 4; lastKnownFileType = sourcecode.metal; path = ACImageOpacityCIFilter.metal; sourceTree = "<group>"; };
		5025952722816A3D00517016 /* ACImageOpacityCIFilter.cikernel */ = {isa = PBXFileReference; fileEncoding = 4; lastKnownFileType = text; path = ACImageOpacityCIFilter.cikernel; sourceTree = "<group>"; };
		5025952D22816B9D00517016 /* ACImageClipCIFilter.h */ = {isa = PBXFileReference; lastKnownFileType = sourcecode.c.h; path = ACImageClipCIFilter.h; sourceTree = "<group>"; };
		5025952E22816B9D00517016 /* ACImageClipCIFilter.m */ = {isa = PBXFileReference; lastKnownFileType = sourcecode.c.objc; path = ACImageClipCIFilter.m; sourceTree = "<group>"; };
		5025953022816C4E00517016 /* ACImageClipCIFilter.cikernel */ = {isa = PBXFileReference; fileEncoding = 4; lastKnownFileType = text; path = ACImageClipCIFilter.cikernel; sourceTree = "<group>"; };
		5025953222817F2E00517016 /* ACImageClipCIFilter.metal */ = {isa = PBXFileReference; lastKnownFileType = sourcecode.metal; path = ACImageClipCIFilter.metal; sourceTree = "<group>"; };
		50259536228187B800517016 /* ACImageLuminanceCIDetector.h */ = {isa = PBXFileReference; lastKnownFileType = sourcecode.c.h; path = ACImageLuminanceCIDetector.h; sourceTree = "<group>"; };
		50259537228187B800517016 /* ACImageLuminanceCIDetector.m */ = {isa = PBXFileReference; lastKnownFileType = sourcecode.c.objc; path = ACImageLuminanceCIDetector.m; sourceTree = "<group>"; };
		502595392281885100517016 /* ACImageLuminanceCIDetector.cikernel */ = {isa = PBXFileReference; fileEncoding = 4; lastKnownFileType = text; path = ACImageLuminanceCIDetector.cikernel; sourceTree = "<group>"; };
		5025954F2282B30100517016 /* ACImageLuminanceCIDetector.metal */ = {isa = PBXFileReference; lastKnownFileType = sourcecode.metal; path = ACImageLuminanceCIDetector.metal; sourceTree = "<group>"; };
		502595512282B40500517016 /* ACImageClipCIFilter.metallib */ = {isa = PBXFileReference; lastKnownFileType = "archive.metal-library"; path = ACImageClipCIFilter.metallib; sourceTree = "<group>"; };
		502595522282B40600517016 /* ACImageLuminanceCIDetector.metallib */ = {isa = PBXFileReference; lastKnownFileType = "archive.metal-library"; path = ACImageLuminanceCIDetector.metallib; sourceTree = "<group>"; };
		502595542282B40700517016 /* ACImageOpacityCIFilter.metallib */ = {isa = PBXFileReference; lastKnownFileType = "archive.metal-library"; path = ACImageOpacityCIFilter.metallib; sourceTree = "<group>"; };
		5025955B228417A300517016 /* ACImageMaskCIFilter.metallib */ = {isa = PBXFileReference; lastKnownFileType = "archive.metal-library"; path = ACImageMaskCIFilter.metallib; sourceTree = "<group>"; };
/* End PBXFileReference section */

/* Begin PBXFrameworksBuildPhase section */
		500D223C227710CF00CA1E4D /* Frameworks */ = {
			isa = PBXFrameworksBuildPhase;
			buildActionMask = 2147483647;
			files = (
			);
			runOnlyForDeploymentPostprocessing = 0;
		};
/* End PBXFrameworksBuildPhase section */

/* Begin PBXGroup section */
		500D2236227710CF00CA1E4D = {
			isa = PBXGroup;
			children = (
				500D2241227710CF00CA1E4D /* ACCoreImageFilters */,
				500D2240227710CF00CA1E4D /* Products */,
			);
			sourceTree = "<group>";
		};
		500D2240227710CF00CA1E4D /* Products */ = {
			isa = PBXGroup;
			children = (
				500D223F227710CF00CA1E4D /* ACCoreImageFilters.app */,
			);
			name = Products;
			sourceTree = "<group>";
		};
		500D2241227710CF00CA1E4D /* ACCoreImageFilters */ = {
			isa = PBXGroup;
			children = (
				500D2242227710CF00CA1E4D /* AppDelegate.h */,
				500D2243227710CF00CA1E4D /* AppDelegate.m */,
				500D2245227710CF00CA1E4D /* ViewController.h */,
				500D2246227710CF00CA1E4D /* ViewController.m */,
				500D22582278364300CA1E4D /* CIFilters */,
				500D22592278366300CA1E4D /* res */,
				500D224B227710D100CA1E4D /* Assets.xcassets */,
				500D224D227710D100CA1E4D /* LaunchScreen.storyboard */,
				500D2250227710D100CA1E4D /* Info.plist */,
				500D2251227710D100CA1E4D /* main.m */,
			);
			path = ACCoreImageFilters;
			sourceTree = "<group>";
		};
		500D22582278364300CA1E4D /* CIFilters */ = {
			isa = PBXGroup;
			children = (
				500D225A2278369500CA1E4D /* ACImageMaskCIFilter.h */,
				500D225B2278369500CA1E4D /* ACImageMaskCIFilter.m */,
				5025951C228166B100517016 /* ACImageMaskCIFilter.cikernel */,
				500D225F2278409B00CA1E4D /* ACImageMaskCIFilter.metal */,
				5025955B228417A300517016 /* ACImageMaskCIFilter.metallib */,
				502594EB227EF67A00517016 /* ACImageOpacityCIFilter.h */,
				5025951F22816A1300517016 /* ACImageOpacityCIFilter.m */,
				5025952722816A3D00517016 /* ACImageOpacityCIFilter.cikernel */,
				5025952122816A1400517016 /* ACImageOpacityCIFilter.metal */,
				502595542282B40700517016 /* ACImageOpacityCIFilter.metallib */,
				5025952D22816B9D00517016 /* ACImageClipCIFilter.h */,
				5025952E22816B9D00517016 /* ACImageClipCIFilter.m */,
				5025953022816C4E00517016 /* ACImageClipCIFilter.cikernel */,
				5025953222817F2E00517016 /* ACImageClipCIFilter.metal */,
				502595512282B40500517016 /* ACImageClipCIFilter.metallib */,
				50259536228187B800517016 /* ACImageLuminanceCIDetector.h */,
				50259537228187B800517016 /* ACImageLuminanceCIDetector.m */,
				502595392281885100517016 /* ACImageLuminanceCIDetector.cikernel */,
				5025954F2282B30100517016 /* ACImageLuminanceCIDetector.metal */,
				502595522282B40600517016 /* ACImageLuminanceCIDetector.metallib */,
			);
			path = CIFilters;
			sourceTree = "<group>";
		};
		500D22592278366300CA1E4D /* res */ = {
			isa = PBXGroup;
			children = (
				502594E9227ED36F00517016 /* testtt.png */,
				500D226222785F5200CA1E4D /* shuijiao_clipped.png */,
				500D226322785F5200CA1E4D /* shuijiao.jpg */,
				500D226122785F5200CA1E4D /* star.png */,
			);
			path = res;
			sourceTree = "<group>";
		};
/* End PBXGroup section */

/* Begin PBXNativeTarget section */
		500D223E227710CF00CA1E4D /* ACCoreImageFilters */ = {
			isa = PBXNativeTarget;
			buildConfigurationList = 500D2255227710D100CA1E4D /* Build configuration list for PBXNativeTarget "ACCoreImageFilters" */;
			buildPhases = (
				500D223B227710CF00CA1E4D /* Sources */,
				500D223C227710CF00CA1E4D /* Frameworks */,
				500D223D227710CF00CA1E4D /* Resources */,
			);
			buildRules = (
			);
			dependencies = (
			);
			name = ACCoreImageFilters;
			productName = ACCoreImageFilters;
			productReference = 500D223F227710CF00CA1E4D /* ACCoreImageFilters.app */;
			productType = "com.apple.product-type.application";
		};
/* End PBXNativeTarget section */

/* Begin PBXProject section */
		500D2237227710CF00CA1E4D /* Project object */ = {
			isa = PBXProject;
			attributes = {
				LastUpgradeCheck = 1020;
				ORGANIZATIONNAME = albert;
				TargetAttributes = {
					500D223E227710CF00CA1E4D = {
						CreatedOnToolsVersion = 10.2.1;
					};
				};
			};
			buildConfigurationList = 500D223A227710CF00CA1E4D /* Build configuration list for PBXProject "ACCoreImageFilters" */;
			compatibilityVersion = "Xcode 9.3";
			developmentRegion = en;
			hasScannedForEncodings = 0;
			knownRegions = (
				en,
				Base,
			);
			mainGroup = 500D2236227710CF00CA1E4D;
			productRefGroup = 500D2240227710CF00CA1E4D /* Products */;
			projectDirPath = "";
			projectRoot = "";
			targets = (
				500D223E227710CF00CA1E4D /* ACCoreImageFilters */,
			);
		};
/* End PBXProject section */

/* Begin PBXResourcesBuildPhase section */
		500D223D227710CF00CA1E4D /* Resources */ = {
			isa = PBXResourcesBuildPhase;
			buildActionMask = 2147483647;
			files = (
				500D224F227710D100CA1E4D /* LaunchScreen.storyboard in Resources */,
				500D226622785F5200CA1E4D /* shuijiao.jpg in Resources */,
				5025952822816A3D00517016 /* ACImageOpacityCIFilter.cikernel in Resources */,
				500D224C227710D100CA1E4D /* Assets.xcassets in Resources */,
				5025951E228166B100517016 /* ACImageMaskCIFilter.cikernel in Resources */,
				5025955C228417A400517016 /* ACImageMaskCIFilter.metallib in Resources */,
				5025953122816C4E00517016 /* ACImageClipCIFilter.cikernel in Resources */,
				5025953A2281885100517016 /* ACImageLuminanceCIDetector.cikernel in Resources */,
				500D226422785F5200CA1E4D /* star.png in Resources */,
				502595582282B40800517016 /* ACImageOpacityCIFilter.metallib in Resources */,
				502595562282B40800517016 /* ACImageLuminanceCIDetector.metallib in Resources */,
				500D226522785F5200CA1E4D /* shuijiao_clipped.png in Resources */,
				502595552282B40800517016 /* ACImageClipCIFilter.metallib in Resources */,
				502594EA227ED36F00517016 /* testtt.png in Resources */,
			);
			runOnlyForDeploymentPostprocessing = 0;
		};
/* End PBXResourcesBuildPhase section */

/* Begin PBXSourcesBuildPhase section */
		500D223B227710CF00CA1E4D /* Sources */ = {
			isa = PBXSourcesBuildPhase;
			buildActionMask = 2147483647;
			files = (
				500D2247227710CF00CA1E4D /* ViewController.m in Sources */,
				500D225C2278369500CA1E4D /* ACImageMaskCIFilter.m in Sources */,
				5025952322816A1400517016 /* ACImageOpacityCIFilter.m in Sources */,
				50259538228187B800517016 /* ACImageLuminanceCIDetector.m in Sources */,
				5025952F22816B9D00517016 /* ACImageClipCIFilter.m in Sources */,
				500D2252227710D100CA1E4D /* main.m in Sources */,
				500D2244227710CF00CA1E4D /* AppDelegate.m in Sources */,
			);
			runOnlyForDeploymentPostprocessing = 0;
		};
/* End PBXSourcesBuildPhase section */

/* Begin PBXVariantGroup section */
		500D224D227710D100CA1E4D /* LaunchScreen.storyboard */ = {
			isa = PBXVariantGroup;
			children = (
				500D224E227710D100CA1E4D /* Base */,
			);
			name = LaunchScreen.storyboard;
			sourceTree = "<group>";
		};
/* End PBXVariantGroup section */

/* Begin XCBuildConfiguration section */
		500D2253227710D100CA1E4D /* Debug */ = {
			isa = XCBuildConfiguration;
			buildSettings = {
				ALWAYS_SEARCH_USER_PATHS = NO;
				CLANG_ANALYZER_NONNULL = YES;
				CLANG_ANALYZER_NUMBER_OBJECT_CONVERSION = YES_AGGRESSIVE;
				CLANG_CXX_LANGUAGE_STANDARD = "gnu++14";
				CLANG_CXX_LIBRARY = "libc++";
				CLANG_ENABLE_MODULES = YES;
				CLANG_ENABLE_OBJC_ARC = YES;
				CLANG_ENABLE_OBJC_WEAK = YES;
				CLANG_WARN_BLOCK_CAPTURE_AUTORELEASING = YES;
				CLANG_WARN_BOOL_CONVERSION = YES;
				CLANG_WARN_COMMA = YES;
				CLANG_WARN_CONSTANT_CONVERSION = YES;
				CLANG_WARN_DEPRECATED_OBJC_IMPLEMENTATIONS = YES;
				CLANG_WARN_DIRECT_OBJC_ISA_USAGE = YES_ERROR;
				CLANG_WARN_DOCUMENTATION_COMMENTS = YES;
				CLANG_WARN_EMPTY_BODY = YES;
				CLANG_WARN_ENUM_CONVERSION = YES;
				CLANG_WARN_INFINITE_RECURSION = YES;
				CLANG_WARN_INT_CONVERSION = YES;
				CLANG_WARN_NON_LITERAL_NULL_CONVERSION = YES;
				CLANG_WARN_OBJC_IMPLICIT_RETAIN_SELF = YES;
				CLANG_WARN_OBJC_LITERAL_CONVERSION = YES;
				CLANG_WARN_OBJC_ROOT_CLASS = YES_ERROR;
				CLANG_WARN_RANGE_LOOP_ANALYSIS = YES;
				CLANG_WARN_STRICT_PROTOTYPES = YES;
				CLANG_WARN_SUSPICIOUS_MOVE = YES;
				CLANG_WARN_UNGUARDED_AVAILABILITY = YES_AGGRESSIVE;
				CLANG_WARN_UNREACHABLE_CODE = YES;
				CLANG_WARN__DUPLICATE_METHOD_MATCH = YES;
				CODE_SIGN_IDENTITY = "iPhone Developer";
				COPY_PHASE_STRIP = NO;
				DEBUG_INFORMATION_FORMAT = dwarf;
				ENABLE_STRICT_OBJC_MSGSEND = YES;
				ENABLE_TESTABILITY = YES;
				GCC_C_LANGUAGE_STANDARD = gnu11;
				GCC_DYNAMIC_NO_PIC = NO;
				GCC_NO_COMMON_BLOCKS = YES;
				GCC_OPTIMIZATION_LEVEL = 0;
				GCC_PREPROCESSOR_DEFINITIONS = (
					"DEBUG=1",
					"$(inherited)",
				);
				GCC_WARN_64_TO_32_BIT_CONVERSION = YES;
				GCC_WARN_ABOUT_RETURN_TYPE = YES_ERROR;
				GCC_WARN_UNDECLARED_SELECTOR = YES;
				GCC_WARN_UNINITIALIZED_AUTOS = YES_AGGRESSIVE;
				GCC_WARN_UNUSED_FUNCTION = YES;
				GCC_WARN_UNUSED_VARIABLE = YES;
				IPHONEOS_DEPLOYMENT_TARGET = 10.0;
				MTL_ENABLE_DEBUG_INFO = INCLUDE_SOURCE;
				MTL_FAST_MATH = YES;
				ONLY_ACTIVE_ARCH = YES;
				SDKROOT = iphoneos;
			};
			name = Debug;
		};
		500D2254227710D100CA1E4D /* Release */ = {
			isa = XCBuildConfiguration;
			buildSettings = {
				ALWAYS_SEARCH_USER_PATHS = NO;
				CLANG_ANALYZER_NONNULL = YES;
				CLANG_ANALYZER_NUMBER_OBJECT_CONVERSION = YES_AGGRESSIVE;
				CLANG_CXX_LANGUAGE_STANDARD = "gnu++14";
				CLANG_CXX_LIBRARY = "libc++";
				CLANG_ENABLE_MODULES = YES;
				CLANG_ENABLE_OBJC_ARC = YES;
				CLANG_ENABLE_OBJC_WEAK = YES;
				CLANG_WARN_BLOCK_CAPTURE_AUTORELEASING = YES;
				CLANG_WARN_BOOL_CONVERSION = YES;
				CLANG_WARN_COMMA = YES;
				CLANG_WARN_CONSTANT_CONVERSION = YES;
				CLANG_WARN_DEPRECATED_OBJC_IMPLEMENTATIONS = YES;
				CLANG_WARN_DIRECT_OBJC_ISA_USAGE = YES_ERROR;
				CLANG_WARN_DOCUMENTATION_COMMENTS = YES;
				CLANG_WARN_EMPTY_BODY = YES;
				CLANG_WARN_ENUM_CONVERSION = YES;
				CLANG_WARN_INFINITE_RECURSION = YES;
				CLANG_WARN_INT_CONVERSION = YES;
				CLANG_WARN_NON_LITERAL_NULL_CONVERSION = YES;
				CLANG_WARN_OBJC_IMPLICIT_RETAIN_SELF = YES;
				CLANG_WARN_OBJC_LITERAL_CONVERSION = YES;
				CLANG_WARN_OBJC_ROOT_CLASS = YES_ERROR;
				CLANG_WARN_RANGE_LOOP_ANALYSIS = YES;
				CLANG_WARN_STRICT_PROTOTYPES = YES;
				CLANG_WARN_SUSPICIOUS_MOVE = YES;
				CLANG_WARN_UNGUARDED_AVAILABILITY = YES_AGGRESSIVE;
				CLANG_WARN_UNREACHABLE_CODE = YES;
				CLANG_WARN__DUPLICATE_METHOD_MATCH = YES;
				CODE_SIGN_IDENTITY = "iPhone Developer";
				COPY_PHASE_STRIP = NO;
				DEBUG_INFORMATION_FORMAT = "dwarf-with-dsym";
				ENABLE_NS_ASSERTIONS = NO;
				ENABLE_STRICT_OBJC_MSGSEND = YES;
				GCC_C_LANGUAGE_STANDARD = gnu11;
				GCC_NO_COMMON_BLOCKS = YES;
				GCC_WARN_64_TO_32_BIT_CONVERSION = YES;
				GCC_WARN_ABOUT_RETURN_TYPE = YES_ERROR;
				GCC_WARN_UNDECLARED_SELECTOR = YES;
				GCC_WARN_UNINITIALIZED_AUTOS = YES_AGGRESSIVE;
				GCC_WARN_UNUSED_FUNCTION = YES;
				GCC_WARN_UNUSED_VARIABLE = YES;
				IPHONEOS_DEPLOYMENT_TARGET = 10.0;
				MTL_ENABLE_DEBUG_INFO = NO;
				MTL_FAST_MATH = YES;
				SDKROOT = iphoneos;
				VALIDATE_PRODUCT = YES;
			};
			name = Release;
		};
		500D2256227710D100CA1E4D /* Debug */ = {
			isa = XCBuildConfiguration;
			buildSettings = {
				ASSETCATALOG_COMPILER_APPICON_NAME = AppIcon;
				CODE_SIGN_STYLE = Automatic;
				DEVELOPMENT_TEAM = TA6VL8F55W;
				INFOPLIST_FILE = ACCoreImageFilters/Info.plist;
				IPHONEOS_DEPLOYMENT_TARGET = 10.0;
				LD_RUNPATH_SEARCH_PATHS = (
					"$(inherited)",
					"@executable_path/Frameworks",
				);
				MTLLINKER_FLAGS = "-cikernel";
				MTL_COMPILER_FLAGS = "-fcikernel";
				PRODUCT_BUNDLE_IDENTIFIER = com.acsoft.ACCoreImageFilters;
				PRODUCT_NAME = "$(TARGET_NAME)";
				TARGETED_DEVICE_FAMILY = 1;
			};
			name = Debug;
		};
		500D2257227710D100CA1E4D /* Release */ = {
			isa = XCBuildConfiguration;
			buildSettings = {
				ASSETCATALOG_COMPILER_APPICON_NAME = AppIcon;
				CODE_SIGN_STYLE = Automatic;
				DEVELOPMENT_TEAM = TA6VL8F55W;
				INFOPLIST_FILE = ACCoreImageFilters/Info.plist;
				IPHONEOS_DEPLOYMENT_TARGET = 10.0;
				LD_RUNPATH_SEARCH_PATHS = (
					"$(inherited)",
					"@executable_path/Frameworks",
				);
				MTLLINKER_FLAGS = "-cikernel";
				MTL_COMPILER_FLAGS = "-fcikernel";
				PRODUCT_BUNDLE_IDENTIFIER = com.acsoft.ACCoreImageFilters;
				PRODUCT_NAME = "$(TARGET_NAME)";
				TARGETED_DEVICE_FAMILY = 1;
			};
			name = Release;
		};
/* End XCBuildConfiguration section */

/* Begin XCConfigurationList section */
		500D223A227710CF00CA1E4D /* Build configuration list for PBXProject "ACCoreImageFilters" */ = {
			isa = XCConfigurationList;
			buildConfigurations = (
				500D2253227710D100CA1E4D /* Debug */,
				500D2254227710D100CA1E4D /* Release */,
			);
			defaultConfigurationIsVisible = 0;
			defaultConfigurationName = Release;
		};
		500D2255227710D100CA1E4D /* Build configuration list for PBXNativeTarget "ACCoreImageFilters" */ = {
			isa = XCConfigurationList;
			buildConfigurations = (
				500D2256227710D100CA1E4D /* Debug */,
				500D2257227710D100CA1E4D /* Release */,
			);
			defaultConfigurationIsVisible = 0;
			defaultConfigurationName = Release;
		};
/* End XCConfigurationList section */
	};
	rootObject = 500D2237227710CF00CA1E4D /* Project object */;
}
